
Microsoft Visual Studio Solution File, Format Version 12.00
# Visual Studio Version 16
VisualStudioVersion = 16.0.31105.61
MinimumVisualStudioVersion = 10.0.40219.1
Project("{9A19103F-16F7-4668-BE54-9A1E7A4F7556}") = "ShipDBList", "ShipDBList.csproj", "{09C29F2A-631F-4721-AA84-6570CC05C9FC}"
EndProject
Global
	GlobalSection(SolutionConfigurationPlatforms) = preSolution
		Debug|Any CPU = Debug|Any CPU
		Release|Any CPU = Release|Any CPU
	EndGlobalSection
	GlobalSection(ProjectConfigurationPlatforms) = postSolution
		{09C29F2A-631F-4721-AA84-6570CC05C9FC}.Debug|Any CPU.ActiveCfg = Debug|Any CPU
		{09C29F2A-631F-4721-AA84-6570CC05C9FC}.Debug|Any CPU.Build.0 = Debug|Any CPU
		{09C29F2A-631F-4721-AA84-6570CC05C9FC}.Release|Any CPU.ActiveCfg = Release|Any CPU
		{09C29F2A-631F-4721-AA84-6570CC05C9FC}.Release|Any CPU.Build.0 = Release|Any CPU
	EndGlobalSection
	GlobalSection(SolutionProperties) = preSolution
		HideSolutionNode = FALSE
	EndGlobalSection
	GlobalSection(ExtensibilityGlobals) = postSolution
		SolutionGuid = {41A58F75-44C8-4A6A-AD95-92AC22DD7D6C}
	EndGlobalSection
EndGlobal
